
Microsoft Visual Studio Solution File, Format Version 12.00
# Visual Studio 14
VisualStudioVersion = 14.0.25420.1
MinimumVisualStudioVersion = 10.0.40219.1
Project("{8BC9CEB8-8B4A-11D0-8D11-00A0C91BC942}") = "Wangscape", "Wangscape\Wangscape.vcxproj", "{8F51FF9E-FEFF-414F-9F5B-9F55B5C15679}"
EndProject
Project("{8BC9CEB8-8B4A-11D0-8D11-00A0C91BC942}") = "WangscapeTest", "WangscapeTest\WangscapeTest.vcxproj", "{0047A33A-15D7-4001-A2EF-586AD6D171F0}"
	ProjectSection(ProjectDependencies) = postProject
		{8F51FF9E-FEFF-414F-9F5B-9F55B5C15679} = {8F51FF9E-FEFF-414F-9F5B-9F55B5C15679}
	EndProjectSection
EndProject
Global
	GlobalSection(SolutionConfigurationPlatforms) = preSolution
		Debug|x64 = Debug|x64
		Debug|x86 = Debug|x86
		Release|x64 = Release|x64
		Release|x86 = Release|x86
	EndGlobalSection
	GlobalSection(ProjectConfigurationPlatforms) = postSolution
		{8F51FF9E-FEFF-414F-9F5B-9F55B5C15679}.Debug|x64.ActiveCfg = Debug|x64
		{8F51FF9E-FEFF-414F-9F5B-9F55B5C15679}.Debug|x64.Build.0 = Debug|x64
		{8F51FF9E-FEFF-414F-9F5B-9F55B5C15679}.Debug|x86.ActiveCfg = Debug|Win32
		{8F51FF9E-FEFF-414F-9F5B-9F55B5C15679}.Debug|x86.Build.0 = Debug|Win32
		{8F51FF9E-FEFF-414F-9F5B-9F55B5C15679}.Release|x64.ActiveCfg = Release|x64
		{8F51FF9E-FEFF-414F-9F5B-9F55B5C15679}.Release|x64.Build.0 = Release|x64
		{8F51FF9E-FEFF-414F-9F5B-9F55B5C15679}.Release|x86.ActiveCfg = Release|Win32
		{8F51FF9E-FEFF-414F-9F5B-9F55B5C15679}.Release|x86.Build.0 = Release|Win32
		{0047A33A-15D7-4001-A2EF-586AD6D171F0}.Debug|x64.ActiveCfg = Debug|x64
		{0047A33A-15D7-4001-A2EF-586AD6D171F0}.Debug|x64.Build.0 = Debug|x64
		{0047A33A-15D7-4001-A2EF-586AD6D171F0}.Debug|x86.ActiveCfg = Debug|Win32
		{0047A33A-15D7-4001-A2EF-586AD6D171F0}.Debug|x86.Build.0 = Debug|Win32
		{0047A33A-15D7-4001-A2EF-586AD6D171F0}.Release|x64.ActiveCfg = Release|x64
		{0047A33A-15D7-4001-A2EF-586AD6D171F0}.Release|x64.Build.0 = Release|x64
		{0047A33A-15D7-4001-A2EF-586AD6D171F0}.Release|x86.ActiveCfg = Release|Win32
		{0047A33A-15D7-4001-A2EF-586AD6D171F0}.Release|x86.Build.0 = Release|Win32
	EndGlobalSection
	GlobalSection(SolutionProperties) = preSolution
		HideSolutionNode = FALSE
	EndGlobalSection
EndGlobal
