<?xml version="1.0" encoding="utf-8"?>
<Project ToolsVersion="4.0" xmlns="http://schemas.microsoft.com/developer/msbuild/2003">
  <ItemGroup>
    <Filter Include="Source Files">
      <UniqueIdentifier>{4FC737F1-C7A5-4376-A066-2A32D752A2FF}</UniqueIdentifier>
      <Extensions>cpp;c;cc;cxx;def;odl;idl;hpj;bat;asm;asmx</Extensions>
    </Filter>
    <Filter Include="Header Files">
      <UniqueIdentifier>{93995380-89BD-4b04-88EB-625FBE52EBFB}</UniqueIdentifier>
      <Extensions>h;hh;hpp;hxx;hm;inl;inc;xsd</Extensions>
    </Filter>
    <Filter Include="Resource Files">
      <UniqueIdentifier>{67DA6AB6-F800-4c08-8B7A-83BB121AAD01}</UniqueIdentifier>
      <Extensions>rc;ico;cur;bmp;dlg;rc2;rct;bin;rgs;gif;jpg;jpeg;jpe;resx;tiff;tif;png;wav;mfcribbon-ms</Extensions>
    </Filter>
    <Filter Include="Header Files\noise">
      <UniqueIdentifier>{be3de1a4-71b3-4957-8d8f-590a878aed20}</UniqueIdentifier>
    </Filter>
    <Filter Include="Header Files\noise\module">
      <UniqueIdentifier>{4236ccda-39ff-4fa3-acd5-dde38c74be56}</UniqueIdentifier>
    </Filter>
    <Filter Include="Source Files\noise">
      <UniqueIdentifier>{8fa5b0f7-e6fb-4f79-90bc-45c2e56f2793}</UniqueIdentifier>
    </Filter>
    <Filter Include="Source Files\noise\module">
      <UniqueIdentifier>{94d5ebed-8131-4bbd-b583-ffbc7dafe754}</UniqueIdentifier>
    </Filter>
    <Filter Include="Header Files\tilegen">
      <UniqueIdentifier>{5f639257-d582-4425-b642-9a02be1deef7}</UniqueIdentifier>
    </Filter>
    <Filter Include="Source Files\tilegen">
      <UniqueIdentifier>{5bfd1d56-edb2-4bc5-9e71-4dc9a7df24cf}</UniqueIdentifier>
    </Filter>
    <Filter Include="Source Files\tilegen\alpha">
      <UniqueIdentifier>{233a9ecb-0c66-46ae-9b43-ced7ec62eced}</UniqueIdentifier>
    </Filter>
    <Filter Include="Header Files\tilegen\alpha">
      <UniqueIdentifier>{7c3fcd13-63a1-48b9-b4af-2fd56dcbfe71}</UniqueIdentifier>
    </Filter>
    <Filter Include="Source Files\tilegen\partition">
      <UniqueIdentifier>{92408afe-ebb3-4feb-8a43-0e53b21a5328}</UniqueIdentifier>
    </Filter>
    <Filter Include="Header Files\tilegen\partition">
      <UniqueIdentifier>{e9cdf625-950d-4725-b6fe-99b0835897c8}</UniqueIdentifier>
    </Filter>
  </ItemGroup>
  <ItemGroup>
    <None Include="packages.config" />
    <None Include="..\README.md" />
    <None Include="example\example.json">
      <Filter>Resource Files</Filter>
    </None>
    <None Include="@(NativeLibs)" />
  </ItemGroup>
  <ItemGroup>
    <ClInclude Include="common.h">
      <Filter>Header Files</Filter>
    </ClInclude>
    <ClInclude Include="TerrainSpec.h">
      <Filter>Header Files</Filter>
    </ClInclude>
    <ClInclude Include="Options.h">
      <Filter>Header Files</Filter>
    </ClInclude>
    <ClInclude Include="TerrainImages.h">
      <Filter>Header Files</Filter>
    </ClInclude>
    <ClInclude Include="MetaOutput.h">
      <Filter>Header Files</Filter>
    </ClInclude>
    <ClInclude Include="noise\MakeReseedable.h">
      <Filter>Header Files\noise</Filter>
    </ClInclude>
    <ClInclude Include="noise\Reseedable.h">
      <Filter>Header Files\noise</Filter>
    </ClInclude>
    <ClInclude Include="noise\module\CornerCombinerBase.h">
      <Filter>Header Files\noise\module</Filter>
    </ClInclude>
    <ClInclude Include="noise\module\Exp.h">
      <Filter>Header Files\noise\module</Filter>
    </ClInclude>
    <ClInclude Include="noise\module\Gradient.h">
      <Filter>Header Files\noise\module</Filter>
    </ClInclude>
    <ClInclude Include="noise\module\ModuleFactories.h">
      <Filter>Header Files\noise\module</Filter>
    </ClInclude>
    <ClInclude Include="noise\module\ModuleGroup.h">
      <Filter>Header Files\noise\module</Filter>
    </ClInclude>
    <ClInclude Include="noise\module\NormLPQ.h">
      <Filter>Header Files\noise\module</Filter>
    </ClInclude>
    <ClInclude Include="noise\module\Pow.h">
      <Filter>Header Files\noise\module</Filter>
    </ClInclude>
    <ClInclude Include="noise\ModuleManager.h">
      <Filter>Header Files\noise</Filter>
    </ClInclude>
    <ClInclude Include="noise\RasterBase.h">
      <Filter>Header Files\noise</Filter>
    </ClInclude>
    <ClInclude Include="noise\RasterImage.h">
      <Filter>Header Files\noise</Filter>
    </ClInclude>
    <ClInclude Include="noise\RasterValues.h">
      <Filter>Header Files\noise</Filter>
    </ClInclude>
    <ClInclude Include="tilegen\TileGenerator.h">
      <Filter>Header Files\tilegen</Filter>
    </ClInclude>
    <ClInclude Include="tilegen\TilesetGenerator.h">
      <Filter>Header Files\tilegen</Filter>
    </ClInclude>
    <ClInclude Include="tilegen\partition\TilePartitionerSquares.h">
      <Filter>Header Files\tilegen\partition</Filter>
    </ClInclude>
    <ClInclude Include="tilegen\partition\TilePartitionerBase.h">
      <Filter>Header Files\tilegen\partition</Filter>
    </ClInclude>
    <ClInclude Include="tilegen\partition\TilePartitionerGradient.h">
      <Filter>Header Files\tilegen\partition</Filter>
    </ClInclude>
    <ClInclude Include="tilegen\partition\TilePartitionerPerlin.h">
      <Filter>Header Files\tilegen\partition</Filter>
    </ClInclude>
    <ClInclude Include="tilegen\alpha\AlphaCalculatorMax.h">
      <Filter>Header Files\tilegen\alpha</Filter>
    </ClInclude>
    <ClInclude Include="tilegen\alpha\AlphaCalculatorBase.h">
      <Filter>Header Files\tilegen\alpha</Filter>
    </ClInclude>
    <ClInclude Include="tilegen\alpha\AlphaCalculatorLinear.h">
      <Filter>Header Files\tilegen\alpha</Filter>
    </ClInclude>
    <ClInclude Include="Corners.h">
      <Filter>Header Files</Filter>
    </ClInclude>
  </ItemGroup>
  <ItemGroup>
    <ClCompile Include="Main.cpp">
      <Filter>Source Files</Filter>
    </ClCompile>
    <ClCompile Include="Options.cpp">
      <Filter>Source Files</Filter>
    </ClCompile>
    <ClCompile Include="TerrainImages.cpp">
      <Filter>Source Files</Filter>
    </ClCompile>
    <ClCompile Include="MetaOutput.cpp">
      <Filter>Source Files</Filter>
    </ClCompile>
    <ClCompile Include="noise\MakeReseedable.cpp">
      <Filter>Source Files\noise</Filter>
    </ClCompile>
    <ClCompile Include="noise\Reseedable.cpp">
      <Filter>Source Files\noise</Filter>
    </ClCompile>
    <ClCompile Include="noise\module\CornerCombinerBase.cpp">
      <Filter>Source Files\noise\module</Filter>
    </ClCompile>
    <ClCompile Include="noise\module\ModuleFactories.cpp">
      <Filter>Source Files\noise\module</Filter>
    </ClCompile>
    <ClCompile Include="noise\module\ModuleGroup.cpp">
      <Filter>Source Files\noise\module</Filter>
    </ClCompile>
    <ClCompile Include="noise\module\NormLPQ.cpp">
      <Filter>Source Files\noise\module</Filter>
    </ClCompile>
    <ClCompile Include="noise\ModuleManager.cpp">
      <Filter>Source Files\noise</Filter>
    </ClCompile>
    <ClCompile Include="noise\RasterBase.cpp">
      <Filter>Source Files\noise</Filter>
    </ClCompile>
    <ClCompile Include="noise\RasterImage.cpp">
      <Filter>Source Files\noise</Filter>
    </ClCompile>
    <ClCompile Include="noise\RasterValues.cpp">
      <Filter>Source Files\noise</Filter>
    </ClCompile>
    <ClCompile Include="tilegen\TilesetGenerator.cpp">
      <Filter>Source Files\tilegen</Filter>
    </ClCompile>
    <ClCompile Include="tilegen\TileGenerator.cpp">
      <Filter>Source Files\tilegen</Filter>
    </ClCompile>
    <ClCompile Include="tilegen\partition\TilePartitionerBase.cpp">
      <Filter>Source Files\tilegen\partition</Filter>
    </ClCompile>
    <ClCompile Include="tilegen\partition\TilePartitionerGradient.cpp">
      <Filter>Source Files\tilegen\partition</Filter>
    </ClCompile>
    <ClCompile Include="tilegen\partition\TilePartitionerPerlin.cpp">
      <Filter>Source Files\tilegen\partition</Filter>
    </ClCompile>
    <ClCompile Include="tilegen\partition\TilePartitionerSquares.cpp">
      <Filter>Source Files\tilegen\partition</Filter>
    </ClCompile>
    <ClCompile Include="tilegen\alpha\AlphaCalculatorBase.cpp">
      <Filter>Source Files\tilegen\alpha</Filter>
    </ClCompile>
    <ClCompile Include="tilegen\alpha\AlphaCalculatorLinear.cpp">
      <Filter>Source Files\tilegen\alpha</Filter>
    </ClCompile>
    <ClCompile Include="tilegen\alpha\AlphaCalculatorMax.cpp">
      <Filter>Source Files\tilegen\alpha</Filter>
    </ClCompile>
  </ItemGroup>
</Project>