<?xml version="1.0" encoding="utf-8"?>
<Project ToolsVersion="4.0" xmlns="http://schemas.microsoft.com/developer/msbuild/2003">
  <ItemGroup>
    <ClCompile Include="metaoutput\MetaOutput.cpp" />
    <ClCompile Include="metaoutput\Tile.cpp" />
    <ClCompile Include="metaoutput\TileLocation.cpp" />
    <ClCompile Include="metaoutput\Tileset.cpp" />
    <ClCompile Include="noise\MakeReseedable.cpp" />
    <ClCompile Include="noise\module\CornerCombinerBase.cpp" />
    <ClCompile Include="noise\module\ModuleFactories.cpp" />
    <ClCompile Include="noise\module\ModuleGroup.cpp" />
    <ClCompile Include="noise\module\NormLPQ.cpp" />
    <ClCompile Include="noise\RasterBase.cpp" />
    <ClCompile Include="noise\ModuleManager.cpp" />
    <ClCompile Include="noise\RasterImage.cpp" />
    <ClCompile Include="noise\RasterValues.cpp" />
    <ClCompile Include="noise\Reseedable.cpp" />
    <ClCompile Include="Main.cpp" />
    <ClCompile Include="OptionsManager.cpp" />
    <ClCompile Include="TerrainImages.cpp" />
    <ClCompile Include="tilegen\alpha\CalculatorBase.cpp" />
    <ClCompile Include="tilegen\alpha\CalculatorLinear.cpp" />
    <ClCompile Include="tilegen\alpha\CalculatorMax.cpp" />
    <ClCompile Include="tilegen\partition\TilePartitionerBase.cpp" />
    <ClCompile Include="tilegen\partition\TilePartitionerGradient.cpp" />
    <ClCompile Include="tilegen\partition\TilePartitionerPerlin.cpp" />
    <ClCompile Include="tilegen\partition\TilePartitionerSquares.cpp" />
    <ClCompile Include="tilegen\TileGenerator.cpp" />
    <ClCompile Include="tilegen\TilesetGenerator.cpp" />
    <ClCompile Include="tilegen\alpha\CalculatorTopTwo.cpp" />
  </ItemGroup>
  <ItemGroup>
    <ClInclude Include="codecs\OptionsCodec.h" />
    <ClInclude Include="codecs\TerrainSpecCodec.h" />
    <ClInclude Include="codecs\TileFormatCodec.h" />
    <ClInclude Include="common.h" />
    <ClInclude Include="Corners.h" />
    <ClInclude Include="metaoutput\codecs\FilenamesCodec.h" />
    <ClInclude Include="metaoutput\codecs\TileCodec.h" />
    <ClInclude Include="metaoutput\codecs\TileLocationCodec.h" />
    <ClInclude Include="metaoutput\codecs\TilesetCodec.h" />
    <ClInclude Include="metaoutput\Filenames.h" />
    <ClInclude Include="metaoutput\MetaOutput.h" />
    <ClInclude Include="metaoutput\Tile.h" />
    <ClInclude Include="metaoutput\TileGroups.h" />
    <ClInclude Include="metaoutput\TileLocation.h" />
    <ClInclude Include="metaoutput\Tileset.h" />
    <ClInclude Include="noise\module\Pow.h" />
    <ClInclude Include="noise\MakeReseedable.h" />
    <ClInclude Include="noise\module\CornerCombinerBase.h" />
    <ClInclude Include="noise\module\Exp.h" />
    <ClInclude Include="noise\module\Gradient.h" />
    <ClInclude Include="noise\module\ModuleFactories.h" />
    <ClInclude Include="noise\module\ModuleGroup.h" />
    <ClInclude Include="noise\module\NormLPQ.h" />
    <ClInclude Include="noise\RasterBase.h" />
    <ClInclude Include="noise\ModuleManager.h" />
    <ClInclude Include="noise\RasterImage.h" />
    <ClInclude Include="noise\RasterValues.h" />
    <ClInclude Include="noise\Reseedable.h" />
    <ClInclude Include="Options.h" />
    <ClInclude Include="OptionsManager.h" />
    <ClInclude Include="tilegen\CartesianPower.h" />
    <ClInclude Include="tilegen\CartesianPowerIterator.h" />
    <ClInclude Include="TerrainImages.h" />
    <ClInclude Include="TerrainSpec.h" />
    <ClInclude Include="TileFormat.h" />
    <ClInclude Include="tilegen\CoordinatePacker.h" />
    <ClInclude Include="tilegen\alpha\CalculatorBase.h" />
    <ClInclude Include="tilegen\alpha\CalculatorLinear.h" />
    <ClInclude Include="tilegen\alpha\CalculatorMax.h" />
    <ClInclude Include="tilegen\alpha\CalculatorMode.h" />
    <ClInclude Include="tilegen\partition\TilePartitionerBase.h" />
    <ClInclude Include="tilegen\partition\TilePartitionerGradient.h" />
    <ClInclude Include="tilegen\partition\TilePartitionerPerlin.h" />
    <ClInclude Include="tilegen\partition\TilePartitionerSquares.h" />
    <ClInclude Include="tilegen\TileGenerator.h" />
    <ClInclude Include="tilegen\TilesetGenerator.h" />
    <ClInclude Include="ipow.h" />
    <ClInclude Include="tilegen\alpha\CalculatorTopTwo.h" />
  </ItemGroup>
  <ItemGroup>
    <None Include="..\README.md" />
    <None Include="example\example.json" />
    <None Include="packages.config" />
  </ItemGroup>
</Project>