<?xml version="1.0" encoding="utf-8"?>
<Project ToolsVersion="4.0" xmlns="http://schemas.microsoft.com/developer/msbuild/2003">
  <ItemGroup>
    <Filter Include="Source Files">
      <UniqueIdentifier>{4FC737F1-C7A5-4376-A066-2A32D752A2FF}</UniqueIdentifier>
      <Extensions>cpp;c;cc;cxx;def;odl;idl;hpj;bat;asm;asmx</Extensions>
    </Filter>
    <Filter Include="Header Files">
      <UniqueIdentifier>{93995380-89BD-4b04-88EB-625FBE52EBFB}</UniqueIdentifier>
      <Extensions>h;hh;hpp;hxx;hm;inl;inc;xsd</Extensions>
    </Filter>
    <Filter Include="Resource Files">
      <UniqueIdentifier>{67DA6AB6-F800-4c08-8B7A-83BB121AAD01}</UniqueIdentifier>
      <Extensions>rc;ico;cur;bmp;dlg;rc2;rct;bin;rgs;gif;jpg;jpeg;jpe;resx;tiff;tif;png;wav;mfcribbon-ms</Extensions>
    </Filter>
    <Filter Include="Header Files\codecs">
      <UniqueIdentifier>{3be24d6e-21c4-4b59-a021-9ab60ac7f883}</UniqueIdentifier>
    </Filter>
    <Filter Include="Header Files\metaoutput">
      <UniqueIdentifier>{0a68672a-1308-4355-a516-4be1ef4512bd}</UniqueIdentifier>
    </Filter>
    <Filter Include="Header Files\metaoutput\codecs">
      <UniqueIdentifier>{e7452e84-b9f1-4061-b0a4-4730ceb7cea8}</UniqueIdentifier>
    </Filter>
    <Filter Include="Source Files\metaoutput">
      <UniqueIdentifier>{37ee9c84-1224-45e9-a5ff-a4198d106da0}</UniqueIdentifier>
    </Filter>
  </ItemGroup>
  <ItemGroup>
    <None Include="packages.config" />
    <None Include="..\README.md" />
    <None Include="example\example.json">
      <Filter>Resource Files</Filter>
    </None>
    <None Include="@(NativeLibs)" />
  </ItemGroup>
  <ItemGroup>
    <ClInclude Include="common.h">
      <Filter>Header Files</Filter>
    </ClInclude>
    <ClInclude Include="TerrainSpec.h">
      <Filter>Header Files</Filter>
    </ClInclude>
    <ClInclude Include="Options.h">
      <Filter>Header Files</Filter>
    </ClInclude>
    <ClInclude Include="TilesetGenerator.h">
      <Filter>Header Files</Filter>
    </ClInclude>
    <ClInclude Include="TilePartition.h">
      <Filter>Header Files</Filter>
    </ClInclude>
    <ClInclude Include="TileGenerator.h">
      <Filter>Header Files</Filter>
    </ClInclude>
    <ClInclude Include="TerrainImages.h">
      <Filter>Header Files</Filter>
    </ClInclude>
    <ClInclude Include="TilePartitionSquares.h">
      <Filter>Header Files</Filter>
    </ClInclude>
    <ClInclude Include="TilePartitionGradient.h">
      <Filter>Header Files</Filter>
    </ClInclude>
    <ClInclude Include="MetaOutput.h">
      <Filter>Header Files</Filter>
    </ClInclude>
    <ClInclude Include="TilePartitionPerlin.h">
      <Filter>Header Files</Filter>
    </ClInclude>
    <ClInclude Include="Corners.h">
      <Filter>Header Files</Filter>
    </ClInclude>
    <ClInclude Include="OptionsManager.h">
      <Filter>Header Files</Filter>
    </ClInclude>
    <ClInclude Include="TileFormat.h">
      <Filter>Header Files</Filter>
    </ClInclude>
    <ClInclude Include="codecs\OptionsCodec.h">
      <Filter>Header Files\codecs</Filter>
    </ClInclude>
    <ClInclude Include="codecs\TerrainSpecCodec.h">
      <Filter>Header Files\codecs</Filter>
    </ClInclude>
    <ClInclude Include="codecs\TileFormatCodec.h">
      <Filter>Header Files\codecs</Filter>
    </ClInclude>
    <ClInclude Include="metaoutput\Filenames.h">
      <Filter>Header Files\metaoutput</Filter>
    </ClInclude>
    <ClInclude Include="metaoutput\MetaOutput.h">
      <Filter>Header Files\metaoutput</Filter>
    </ClInclude>
    <ClInclude Include="metaoutput\Tile.h">
      <Filter>Header Files\metaoutput</Filter>
    </ClInclude>
    <ClInclude Include="metaoutput\TileGroups.h">
      <Filter>Header Files\metaoutput</Filter>
    </ClInclude>
    <ClInclude Include="metaoutput\TileLocation.h">
      <Filter>Header Files\metaoutput</Filter>
    </ClInclude>
    <ClInclude Include="metaoutput\Tileset.h">
      <Filter>Header Files\metaoutput</Filter>
    </ClInclude>
    <ClInclude Include="metaoutput\codecs\FilenamesCodec.h">
      <Filter>Header Files\metaoutput\codecs</Filter>
    </ClInclude>
    <ClInclude Include="metaoutput\codecs\TileCodec.h">
      <Filter>Header Files\metaoutput\codecs</Filter>
    </ClInclude>
    <ClInclude Include="metaoutput\codecs\TileLocationCodec.h">
      <Filter>Header Files\metaoutput\codecs</Filter>
    </ClInclude>
    <ClInclude Include="metaoutput\codecs\TilesetCodec.h">
      <Filter>Header Files\metaoutput\codecs</Filter>
    </ClInclude>
  </ItemGroup>
  <ItemGroup>
    <ClCompile Include="Main.cpp">
      <Filter>Source Files</Filter>
    </ClCompile>
    <ClCompile Include="TilesetGenerator.cpp">
      <Filter>Source Files</Filter>
    </ClCompile>
    <ClCompile Include="TileGenerator.cpp">
      <Filter>Source Files</Filter>
    </ClCompile>
    <ClCompile Include="TerrainImages.cpp">
      <Filter>Source Files</Filter>
    </ClCompile>
    <ClCompile Include="TilePartitionSquares.cpp">
      <Filter>Source Files</Filter>
    </ClCompile>
    <ClCompile Include="TilePartitionGradient.cpp">
      <Filter>Source Files</Filter>
    </ClCompile>
    <ClCompile Include="metaoutput\MetaOutput.cpp">
      <Filter>Source Files\metaoutput</Filter>
    </ClCompile>
    <ClCompile Include="metaoutput\Tile.cpp">
      <Filter>Source Files\metaoutput</Filter>
    </ClCompile>
    <ClCompile Include="metaoutput\TileLocation.cpp">
      <Filter>Source Files\metaoutput</Filter>
    </ClCompile>
    <ClCompile Include="metaoutput\Tileset.cpp">
      <Filter>Source Files\metaoutput</Filter>
    </ClCompile>
  </ItemGroup>
</Project>